
Microsoft Visual Studio Solution File, Format Version 12.00
# Visual Studio Version 17
VisualStudioVersion = 17.5.002.0
MinimumVisualStudioVersion = 10.0.40219.1
Project("{9A19103F-16F7-4668-BE54-9A1E7A4F7556}") = "BlazingPizzaSite", "BlazingPizzaSite.csproj", "{E27B3417-4656-417D-B6CF-F27559A205D3}"
EndProject
Global
	GlobalSection(SolutionConfigurationPlatforms) = preSolution
		Debug|Any CPU = Debug|Any CPU
		Release|Any CPU = Release|Any CPU
	EndGlobalSection
	GlobalSection(ProjectConfigurationPlatforms) = postSolution
		{E27B3417-4656-417D-B6CF-F27559A205D3}.Debug|Any CPU.ActiveCfg = Debug|Any CPU
		{E27B3417-4656-417D-B6CF-F27559A205D3}.Debug|Any CPU.Build.0 = Debug|Any CPU
		{E27B3417-4656-417D-B6CF-F27559A205D3}.Release|Any CPU.ActiveCfg = Release|Any CPU
		{E27B3417-4656-417D-B6CF-F27559A205D3}.Release|Any CPU.Build.0 = Release|Any CPU
	EndGlobalSection
	GlobalSection(SolutionProperties) = preSolution
		HideSolutionNode = FALSE
	EndGlobalSection
	GlobalSection(ExtensibilityGlobals) = postSolution
		SolutionGuid = {349E611C-C83D-4ADB-843D-9148D283E2AE}
	EndGlobalSection
EndGlobal
